
Microsoft Visual Studio Solution File, Format Version 12.00
# Visual Studio Version 16
VisualStudioVersion = 16.0.30002.166
MinimumVisualStudioVersion = 10.0.40219.1
Project("{FAE04EC0-301F-11D3-BF4B-00C04F79EFBC}") = "OctanicLib", "OctanicLib\OctanicLib.csproj", "{B1CB99A9-703C-4654-A7C4-6FE6C35E3DDE}"
EndProject
Project("{FAE04EC0-301F-11D3-BF4B-00C04F79EFBC}") = "OctanicLib.Tests", "OctanicLib.Tests\OctanicLib.Tests.csproj", "{EDC9B0C2-7056-42F1-9928-E21286C68FD3}"
EndProject
Global
	GlobalSection(SolutionConfigurationPlatforms) = preSolution
		Debug|Any CPU = Debug|Any CPU
		Release|Any CPU = Release|Any CPU
	EndGlobalSection
	GlobalSection(ProjectConfigurationPlatforms) = postSolution
		{B1CB99A9-703C-4654-A7C4-6FE6C35E3DDE}.Debug|Any CPU.ActiveCfg = Debug|Any CPU
		{B1CB99A9-703C-4654-A7C4-6FE6C35E3DDE}.Debug|Any CPU.Build.0 = Debug|Any CPU
		{B1CB99A9-703C-4654-A7C4-6FE6C35E3DDE}.Release|Any CPU.ActiveCfg = Release|Any CPU
		{B1CB99A9-703C-4654-A7C4-6FE6C35E3DDE}.Release|Any CPU.Build.0 = Release|Any CPU
		{EDC9B0C2-7056-42F1-9928-E21286C68FD3}.Debug|Any CPU.ActiveCfg = Debug|Any CPU
		{EDC9B0C2-7056-42F1-9928-E21286C68FD3}.Debug|Any CPU.Build.0 = Debug|Any CPU
		{EDC9B0C2-7056-42F1-9928-E21286C68FD3}.Release|Any CPU.ActiveCfg = Release|Any CPU
		{EDC9B0C2-7056-42F1-9928-E21286C68FD3}.Release|Any CPU.Build.0 = Release|Any CPU
	EndGlobalSection
	GlobalSection(SolutionProperties) = preSolution
		HideSolutionNode = FALSE
	EndGlobalSection
	GlobalSection(ExtensibilityGlobals) = postSolution
		SolutionGuid = {69F36B84-26B9-4B05-932C-0312A196DBD1}
	EndGlobalSection
EndGlobal
